
Microsoft Visual Studio Solution File, Format Version 12.00
# Visual Studio Version 17
VisualStudioVersion = 17.6.33723.286
MinimumVisualStudioVersion = 10.0.40219.1
Project("{9A19103F-16F7-4668-BE54-9A1E7A4F7556}") = "GUI", "GUI\GUI.csproj", "{B91346DC-9F89-40C7-AFE5-DC8119A5A222}"
EndProject
Project("{9A19103F-16F7-4668-BE54-9A1E7A4F7556}") = "ClassLibrary1", "ClassLibrary1\ClassLibrary1.csproj", "{DB10912D-758E-4B65-B0DD-4DA0711BDC05}"
EndProject
Project("{FAE04EC0-301F-11D3-BF4B-00C04F79EFBC}") = "DTO", "DTO\DTO.csproj", "{8AA19E14-D3AB-402F-A9D6-52DDFF0B257A}"
EndProject
Project("{FAE04EC0-301F-11D3-BF4B-00C04F79EFBC}") = "DAL", "DAL\DAL.csproj", "{C064735F-650B-456B-A675-8F0C31BC483C}"
EndProject
Global
	GlobalSection(SolutionConfigurationPlatforms) = preSolution
		Debug|Any CPU = Debug|Any CPU
		Release|Any CPU = Release|Any CPU
	EndGlobalSection
	GlobalSection(ProjectConfigurationPlatforms) = postSolution
		{B91346DC-9F89-40C7-AFE5-DC8119A5A222}.Debug|Any CPU.ActiveCfg = Debug|Any CPU
		{B91346DC-9F89-40C7-AFE5-DC8119A5A222}.Debug|Any CPU.Build.0 = Debug|Any CPU
		{B91346DC-9F89-40C7-AFE5-DC8119A5A222}.Release|Any CPU.ActiveCfg = Release|Any CPU
		{B91346DC-9F89-40C7-AFE5-DC8119A5A222}.Release|Any CPU.Build.0 = Release|Any CPU
		{DB10912D-758E-4B65-B0DD-4DA0711BDC05}.Debug|Any CPU.ActiveCfg = Debug|Any CPU
		{DB10912D-758E-4B65-B0DD-4DA0711BDC05}.Debug|Any CPU.Build.0 = Debug|Any CPU
		{DB10912D-758E-4B65-B0DD-4DA0711BDC05}.Release|Any CPU.ActiveCfg = Release|Any CPU
		{DB10912D-758E-4B65-B0DD-4DA0711BDC05}.Release|Any CPU.Build.0 = Release|Any CPU
		{8AA19E14-D3AB-402F-A9D6-52DDFF0B257A}.Debug|Any CPU.ActiveCfg = Debug|Any CPU
		{8AA19E14-D3AB-402F-A9D6-52DDFF0B257A}.Debug|Any CPU.Build.0 = Debug|Any CPU
		{8AA19E14-D3AB-402F-A9D6-52DDFF0B257A}.Release|Any CPU.ActiveCfg = Release|Any CPU
		{8AA19E14-D3AB-402F-A9D6-52DDFF0B257A}.Release|Any CPU.Build.0 = Release|Any CPU
		{C064735F-650B-456B-A675-8F0C31BC483C}.Debug|Any CPU.ActiveCfg = Debug|Any CPU
		{C064735F-650B-456B-A675-8F0C31BC483C}.Debug|Any CPU.Build.0 = Debug|Any CPU
		{C064735F-650B-456B-A675-8F0C31BC483C}.Release|Any CPU.ActiveCfg = Release|Any CPU
		{C064735F-650B-456B-A675-8F0C31BC483C}.Release|Any CPU.Build.0 = Release|Any CPU
	EndGlobalSection
	GlobalSection(SolutionProperties) = preSolution
		HideSolutionNode = FALSE
	EndGlobalSection
	GlobalSection(ExtensibilityGlobals) = postSolution
		SolutionGuid = {8D3F6341-2748-40F5-B9E6-EA560130755D}
	EndGlobalSection
EndGlobal
